
Microsoft Visual Studio Solution File, Format Version 12.00
# Visual Studio 15
VisualStudioVersion = 15.0.26430.6
MinimumVisualStudioVersion = 10.0.40219.1
Project("{2150E333-8FDC-42A3-9474-1A3956D46DE8}") = "Solution Items", "Solution Items", "{61EAD6F6-C320-4182-9A6D-AA000AA8648D}"
EndProject
Project("{FAE04EC0-301F-11D3-BF4B-00C04F79EFBC}") = "ChilliSource.Mobile.Core.Tests", "ChilliSource.Mobile.Core.Tests\ChilliSource.Mobile.Core.Tests.csproj", "{F7A3CBD4-2B06-493B-9532-2EBB386E2BBE}"
EndProject
Project("{FAE04EC0-301F-11D3-BF4B-00C04F79EFBC}") = "ChilliSource.Mobile.Core", "ChilliSource.Mobile.Core\ChilliSource.Mobile.Core.csproj", "{6FC9024C-E211-4942-885B-FF6578C194C1}"
EndProject
Project("{FAE04EC0-301F-11D3-BF4B-00C04F79EFBC}") = "ChilliSource.Mobile.Core.Android", "ChilliSource.Mobile.Core\ChilliSource.Mobile.Core.Android.csproj", "{F132E3CA-31B8-4090-9D1C-13FF3103B8AB}"
EndProject
Project("{FAE04EC0-301F-11D3-BF4B-00C04F79EFBC}") = "ChilliSource.Mobile.Core.iOS", "ChilliSource.Mobile.Core\ChilliSource.Mobile.Core.iOS.csproj", "{140CFD73-14ED-46AB-81F7-68C5A381A68D}"
EndProject
Global
	GlobalSection(SolutionConfigurationPlatforms) = preSolution
		Debug|Any CPU = Debug|Any CPU
		Release|Any CPU = Release|Any CPU
	EndGlobalSection
	GlobalSection(ProjectConfigurationPlatforms) = postSolution
		{F7A3CBD4-2B06-493B-9532-2EBB386E2BBE}.Debug|Any CPU.ActiveCfg = Debug|Any CPU
		{F7A3CBD4-2B06-493B-9532-2EBB386E2BBE}.Debug|Any CPU.Build.0 = Debug|Any CPU
		{F7A3CBD4-2B06-493B-9532-2EBB386E2BBE}.Release|Any CPU.ActiveCfg = Release|Any CPU
		{F7A3CBD4-2B06-493B-9532-2EBB386E2BBE}.Release|Any CPU.Build.0 = Release|Any CPU
		{6FC9024C-E211-4942-885B-FF6578C194C1}.Debug|Any CPU.ActiveCfg = Debug|Any CPU
		{6FC9024C-E211-4942-885B-FF6578C194C1}.Debug|Any CPU.Build.0 = Debug|Any CPU
		{6FC9024C-E211-4942-885B-FF6578C194C1}.Release|Any CPU.ActiveCfg = Release|Any CPU
		{6FC9024C-E211-4942-885B-FF6578C194C1}.Release|Any CPU.Build.0 = Release|Any CPU
		{F132E3CA-31B8-4090-9D1C-13FF3103B8AB}.Debug|Any CPU.ActiveCfg = Debug|Any CPU
		{F132E3CA-31B8-4090-9D1C-13FF3103B8AB}.Debug|Any CPU.Build.0 = Debug|Any CPU
		{F132E3CA-31B8-4090-9D1C-13FF3103B8AB}.Release|Any CPU.ActiveCfg = Release|Any CPU
		{F132E3CA-31B8-4090-9D1C-13FF3103B8AB}.Release|Any CPU.Build.0 = Release|Any CPU
		{140CFD73-14ED-46AB-81F7-68C5A381A68D}.Debug|Any CPU.ActiveCfg = Debug|Any CPU
		{140CFD73-14ED-46AB-81F7-68C5A381A68D}.Debug|Any CPU.Build.0 = Debug|Any CPU
		{140CFD73-14ED-46AB-81F7-68C5A381A68D}.Release|Any CPU.ActiveCfg = Release|Any CPU
		{140CFD73-14ED-46AB-81F7-68C5A381A68D}.Release|Any CPU.Build.0 = Release|Any CPU
	EndGlobalSection
	GlobalSection(SolutionProperties) = preSolution
		HideSolutionNode = FALSE
	EndGlobalSection
EndGlobal
